// !$*UTF8*$!
{
	archiveVersion = 1;
	classes = {
	};
	objectVersion = 46;
	objects = {

/* Begin PBXBuildFile section */
		29E8C81E17AF7ECC002582E9 /* UIKit.framework in Frameworks */ = {isa = PBXBuildFile; fileRef = 29E8C81D17AF7ECC002582E9 /* UIKit.framework */; };
		29E8C82017AF7ECC002582E9 /* Foundation.framework in Frameworks */ = {isa = PBXBuildFile; fileRef = 29E8C81F17AF7ECC002582E9 /* Foundation.framework */; };
		29E8C82217AF7ECC002582E9 /* CoreGraphics.framework in Frameworks */ = {isa = PBXBuildFile; fileRef = 29E8C82117AF7ECC002582E9 /* CoreGraphics.framework */; };
		29E8C82817AF7ECC002582E9 /* InfoPlist.strings in Resources */ = {isa = PBXBuildFile; fileRef = 29E8C82617AF7ECC002582E9 /* InfoPlist.strings */; };
		29E8C82A17AF7ECC002582E9 /* main.m in Sources */ = {isa = PBXBuildFile; fileRef = 29E8C82917AF7ECC002582E9 /* main.m */; };
		29E8C82E17AF7ECD002582E9 /* AppDelegate.m in Sources */ = {isa = PBXBuildFile; fileRef = 29E8C82D17AF7ECD002582E9 /* AppDelegate.m */; };
		29E8C83017AF7ECD002582E9 /* Default.png in Resources */ = {isa = PBXBuildFile; fileRef = 29E8C82F17AF7ECD002582E9 /* Default.png */; };
		29E8C83217AF7ECD002582E9 /* Default@2x.png in Resources */ = {isa = PBXBuildFile; fileRef = 29E8C83117AF7ECD002582E9 /* Default@2x.png */; };
		29E8C83417AF7ECD002582E9 /* Default-568h@2x.png in Resources */ = {isa = PBXBuildFile; fileRef = 29E8C83317AF7ECD002582E9 /* Default-568h@2x.png */; };
		29E8C83717AF7ECD002582E9 /* MainStoryboard.storyboard in Resources */ = {isa = PBXBuildFile; fileRef = 29E8C83517AF7ECD002582E9 /* MainStoryboard.storyboard */; };
		29E8C83A17AF7ECD002582E9 /* ViewController.m in Sources */ = {isa = PBXBuildFile; fileRef = 29E8C83917AF7ECD002582E9 /* ViewController.m */; };
		29E8C84517AF808C002582E9 /* libDPCrackDetection.a in Frameworks */ = {isa = PBXBuildFile; fileRef = 29E8C84417AF808C002582E9 /* libDPCrackDetection.a */; };
/* End PBXBuildFile section */

/* Begin PBXFileReference section */
		29E8C81A17AF7ECC002582E9 /* DPCrackDetectionExample.app */ = {isa = PBXFileReference; explicitFileType = wrapper.application; includeInIndex = 0; path = DPCrackDetectionExample.app; sourceTree = BUILT_PRODUCTS_DIR; };
		29E8C81D17AF7ECC002582E9 /* UIKit.framework */ = {isa = PBXFileReference; lastKnownFileType = wrapper.framework; name = UIKit.framework; path = System/Library/Frameworks/UIKit.framework; sourceTree = SDKROOT; };
		29E8C81F17AF7ECC002582E9 /* Foundation.framework */ = {isa = PBXFileReference; lastKnownFileType = wrapper.framework; name = Foundation.framework; path = System/Library/Frameworks/Foundation.framework; sourceTree = SDKROOT; };
		29E8C82117AF7ECC002582E9 /* CoreGraphics.framework */ = {isa = PBXFileReference; lastKnownFileType = wrapper.framework; name = CoreGraphics.framework; path = System/Library/Frameworks/CoreGraphics.framework; sourceTree = SDKROOT; };
		29E8C82517AF7ECC002582E9 /* DPCrackDetectionExample-Info.plist */ = {isa = PBXFileReference; lastKnownFileType = text.plist.xml; path = "DPCrackDetectionExample-Info.plist"; sourceTree = "<group>"; };
		29E8C82717AF7ECC002582E9 /* en */ = {isa = PBXFileReference; lastKnownFileType = text.plist.strings; name = en; path = en.lproj/InfoPlist.strings; sourceTree = "<group>"; };
		29E8C82917AF7ECC002582E9 /* main.m */ = {isa = PBXFileReference; lastKnownFileType = sourcecode.c.objc; path = main.m; sourceTree = "<group>"; };
		29E8C82B17AF7ECD002582E9 /* DPCrackDetectionExample-Prefix.pch */ = {isa = PBXFileReference; lastKnownFileType = sourcecode.c.h; path = "DPCrackDetectionExample-Prefix.pch"; sourceTree = "<group>"; };
		29E8C82C17AF7ECD002582E9 /* AppDelegate.h */ = {isa = PBXFileReference; lastKnownFileType = sourcecode.c.h; path = AppDelegate.h; sourceTree = "<group>"; };
		29E8C82D17AF7ECD002582E9 /* AppDelegate.m */ = {isa = PBXFileReference; lastKnownFileType = sourcecode.c.objc; path = AppDelegate.m; sourceTree = "<group>"; };
		29E8C82F17AF7ECD002582E9 /* Default.png */ = {isa = PBXFileReference; lastKnownFileType = image.png; path = Default.png; sourceTree = "<group>"; };
		29E8C83117AF7ECD002582E9 /* Default@2x.png */ = {isa = PBXFileReference; lastKnownFileType = image.png; path = "Default@2x.png"; sourceTree = "<group>"; };
		29E8C83317AF7ECD002582E9 /* Default-568h@2x.png */ = {isa = PBXFileReference; lastKnownFileType = image.png; path = "Default-568h@2x.png"; sourceTree = "<group>"; };
		29E8C83617AF7ECD002582E9 /* en */ = {isa = PBXFileReference; lastKnownFileType = file.storyboard; name = en; path = en.lproj/MainStoryboard.storyboard; sourceTree = "<group>"; };
		29E8C83817AF7ECD002582E9 /* ViewController.h */ = {isa = PBXFileReference; lastKnownFileType = sourcecode.c.h; path = ViewController.h; sourceTree = "<group>"; };
		29E8C83917AF7ECD002582E9 /* ViewController.m */ = {isa = PBXFileReference; lastKnownFileType = sourcecode.c.objc; path = ViewController.m; sourceTree = "<group>"; };
		29E8C84317AF7FF7002582E9 /* DPCrackDetection4iOS.h */ = {isa = PBXFileReference; fileEncoding = 4; lastKnownFileType = sourcecode.c.h; path = DPCrackDetection4iOS.h; sourceTree = "<group>"; };
		29E8C84417AF808C002582E9 /* libDPCrackDetection.a */ = {isa = PBXFileReference; lastKnownFileType = archive.ar; path = libDPCrackDetection.a; sourceTree = "<group>"; };
/* End PBXFileReference section */

/* Begin PBXFrameworksBuildPhase section */
		29E8C81717AF7ECC002582E9 /* Frameworks */ = {
			isa = PBXFrameworksBuildPhase;
			buildActionMask = 2147483647;
			files = (
				29E8C81E17AF7ECC002582E9 /* UIKit.framework in Frameworks */,
				29E8C82017AF7ECC002582E9 /* Foundation.framework in Frameworks */,
				29E8C82217AF7ECC002582E9 /* CoreGraphics.framework in Frameworks */,
				29E8C84517AF808C002582E9 /* libDPCrackDetection.a in Frameworks */,
			);
			runOnlyForDeploymentPostprocessing = 0;
		};
/* End PBXFrameworksBuildPhase section */

/* Begin PBXGroup section */
		29E8C81117AF7ECC002582E9 = {
			isa = PBXGroup;
			children = (
				29E8C82317AF7ECC002582E9 /* DPCrackDetectionExample */,
				29E8C81C17AF7ECC002582E9 /* Frameworks */,
				29E8C81B17AF7ECC002582E9 /* Products */,
			);
			sourceTree = "<group>";
		};
		29E8C81B17AF7ECC002582E9 /* Products */ = {
			isa = PBXGroup;
			children = (
				29E8C81A17AF7ECC002582E9 /* DPCrackDetectionExample.app */,
			);
			name = Products;
			sourceTree = "<group>";
		};
		29E8C81C17AF7ECC002582E9 /* Frameworks */ = {
			isa = PBXGroup;
			children = (
				29E8C81D17AF7ECC002582E9 /* UIKit.framework */,
				29E8C81F17AF7ECC002582E9 /* Foundation.framework */,
				29E8C82117AF7ECC002582E9 /* CoreGraphics.framework */,
			);
			name = Frameworks;
			sourceTree = "<group>";
		};
		29E8C82317AF7ECC002582E9 /* DPCrackDetectionExample */ = {
			isa = PBXGroup;
			children = (
				29E8C84017AF7FDA002582E9 /* DPCrackDetection */,
				29E8C82C17AF7ECD002582E9 /* AppDelegate.h */,
				29E8C82D17AF7ECD002582E9 /* AppDelegate.m */,
				29E8C83517AF7ECD002582E9 /* MainStoryboard.storyboard */,
				29E8C83817AF7ECD002582E9 /* ViewController.h */,
				29E8C83917AF7ECD002582E9 /* ViewController.m */,
				29E8C82417AF7ECC002582E9 /* Supporting Files */,
			);
			path = DPCrackDetectionExample;
			sourceTree = "<group>";
		};
		29E8C82417AF7ECC002582E9 /* Supporting Files */ = {
			isa = PBXGroup;
			children = (
				29E8C82517AF7ECC002582E9 /* DPCrackDetectionExample-Info.plist */,
				29E8C82617AF7ECC002582E9 /* InfoPlist.strings */,
				29E8C82917AF7ECC002582E9 /* main.m */,
				29E8C82B17AF7ECD002582E9 /* DPCrackDetectionExample-Prefix.pch */,
				29E8C82F17AF7ECD002582E9 /* Default.png */,
				29E8C83117AF7ECD002582E9 /* Default@2x.png */,
				29E8C83317AF7ECD002582E9 /* Default-568h@2x.png */,
			);
			name = "Supporting Files";
			sourceTree = "<group>";
		};
		29E8C84017AF7FDA002582E9 /* DPCrackDetection */ = {
			isa = PBXGroup;
			children = (
				29E8C84317AF7FF7002582E9 /* DPCrackDetection4iOS.h */,
				29E8C84417AF808C002582E9 /* libDPCrackDetection.a */,
			);
			name = DPCrackDetection;
			sourceTree = "<group>";
		};
/* End PBXGroup section */

/* Begin PBXNativeTarget section */
		29E8C81917AF7ECC002582E9 /* DPCrackDetectionExample */ = {
			isa = PBXNativeTarget;
			buildConfigurationList = 29E8C83D17AF7ECD002582E9 /* Build configuration list for PBXNativeTarget "DPCrackDetectionExample" */;
			buildPhases = (
				29E8C81617AF7ECC002582E9 /* Sources */,
				29E8C81717AF7ECC002582E9 /* Frameworks */,
				29E8C81817AF7ECC002582E9 /* Resources */,
			);
			buildRules = (
			);
			dependencies = (
			);
			name = DPCrackDetectionExample;
			productName = DPCrackDetectionExample;
			productReference = 29E8C81A17AF7ECC002582E9 /* DPCrackDetectionExample.app */;
			productType = "com.apple.product-type.application";
		};
/* End PBXNativeTarget section */

/* Begin PBXProject section */
		29E8C81217AF7ECC002582E9 /* Project object */ = {
			isa = PBXProject;
			attributes = {
				LastUpgradeCheck = 0460;
				ORGANIZATIONNAME = "Darkness Production";
			};
			buildConfigurationList = 29E8C81517AF7ECC002582E9 /* Build configuration list for PBXProject "DPCrackDetectionExample" */;
			compatibilityVersion = "Xcode 3.2";
			developmentRegion = English;
			hasScannedForEncodings = 0;
			knownRegions = (
				en,
			);
			mainGroup = 29E8C81117AF7ECC002582E9;
			productRefGroup = 29E8C81B17AF7ECC002582E9 /* Products */;
			projectDirPath = "";
			projectRoot = "";
			targets = (
				29E8C81917AF7ECC002582E9 /* DPCrackDetectionExample */,
			);
		};
/* End PBXProject section */

/* Begin PBXResourcesBuildPhase section */
		29E8C81817AF7ECC002582E9 /* Resources */ = {
			isa = PBXResourcesBuildPhase;
			buildActionMask = 2147483647;
			files = (
				29E8C82817AF7ECC002582E9 /* InfoPlist.strings in Resources */,
				29E8C83017AF7ECD002582E9 /* Default.png in Resources */,
				29E8C83217AF7ECD002582E9 /* Default@2x.png in Resources */,
				29E8C83417AF7ECD002582E9 /* Default-568h@2x.png in Resources */,
				29E8C83717AF7ECD002582E9 /* MainStoryboard.storyboard in Resources */,
			);
			runOnlyForDeploymentPostprocessing = 0;
		};
/* End PBXResourcesBuildPhase section */

/* Begin PBXSourcesBuildPhase section */
		29E8C81617AF7ECC002582E9 /* Sources */ = {
			isa = PBXSourcesBuildPhase;
			buildActionMask = 2147483647;
			files = (
				29E8C82A17AF7ECC002582E9 /* main.m in Sources */,
				29E8C82E17AF7ECD002582E9 /* AppDelegate.m in Sources */,
				29E8C83A17AF7ECD002582E9 /* ViewController.m in Sources */,
			);
			runOnlyForDeploymentPostprocessing = 0;
		};
/* End PBXSourcesBuildPhase section */

/* Begin PBXVariantGroup section */
		29E8C82617AF7ECC002582E9 /* InfoPlist.strings */ = {
			isa = PBXVariantGroup;
			children = (
				29E8C82717AF7ECC002582E9 /* en */,
			);
			name = InfoPlist.strings;
			sourceTree = "<group>";
		};
		29E8C83517AF7ECD002582E9 /* MainStoryboard.storyboard */ = {
			isa = PBXVariantGroup;
			children = (
				29E8C83617AF7ECD002582E9 /* en */,
			);
			name = MainStoryboard.storyboard;
			sourceTree = "<group>";
		};
/* End PBXVariantGroup section */

/* Begin XCBuildConfiguration section */
		29E8C83B17AF7ECD002582E9 /* Debug */ = {
			isa = XCBuildConfiguration;
			buildSettings = {
				ALWAYS_SEARCH_USER_PATHS = NO;
				CLANG_CXX_LANGUAGE_STANDARD = "gnu++0x";
				CLANG_CXX_LIBRARY = "libc++";
				CLANG_ENABLE_OBJC_ARC = YES;
				CLANG_WARN_CONSTANT_CONVERSION = YES;
				CLANG_WARN_EMPTY_BODY = YES;
				CLANG_WARN_ENUM_CONVERSION = YES;
				CLANG_WARN_INT_CONVERSION = YES;
				CLANG_WARN__DUPLICATE_METHOD_MATCH = YES;
				"CODE_SIGN_IDENTITY[sdk=iphoneos*]" = "iPhone Developer";
				COPY_PHASE_STRIP = NO;
				GCC_C_LANGUAGE_STANDARD = gnu99;
				GCC_DYNAMIC_NO_PIC = NO;
				GCC_OPTIMIZATION_LEVEL = 0;
				GCC_PREPROCESSOR_DEFINITIONS = (
					"DEBUG=1",
					"$(inherited)",
				);
				GCC_SYMBOLS_PRIVATE_EXTERN = NO;
				GCC_WARN_ABOUT_RETURN_TYPE = YES;
				GCC_WARN_UNINITIALIZED_AUTOS = YES;
				GCC_WARN_UNUSED_VARIABLE = YES;
				IPHONEOS_DEPLOYMENT_TARGET = 6.1;
				ONLY_ACTIVE_ARCH = YES;
				SDKROOT = iphoneos;
			};
			name = Debug;
		};
		29E8C83C17AF7ECD002582E9 /* Release */ = {
			isa = XCBuildConfiguration;
			buildSettings = {
				ALWAYS_SEARCH_USER_PATHS = NO;
				CLANG_CXX_LANGUAGE_STANDARD = "gnu++0x";
				CLANG_CXX_LIBRARY = "libc++";
				CLANG_ENABLE_OBJC_ARC = YES;
				CLANG_WARN_CONSTANT_CONVERSION = YES;
				CLANG_WARN_EMPTY_BODY = YES;
				CLANG_WARN_ENUM_CONVERSION = YES;
				CLANG_WARN_INT_CONVERSION = YES;
				CLANG_WARN__DUPLICATE_METHOD_MATCH = YES;
				"CODE_SIGN_IDENTITY[sdk=iphoneos*]" = "iPhone Developer";
				COPY_PHASE_STRIP = YES;
				GCC_C_LANGUAGE_STANDARD = gnu99;
				GCC_WARN_ABOUT_RETURN_TYPE = YES;
				GCC_WARN_UNINITIALIZED_AUTOS = YES;
				GCC_WARN_UNUSED_VARIABLE = YES;
				IPHONEOS_DEPLOYMENT_TARGET = 6.1;
				OTHER_CFLAGS = "-DNS_BLOCK_ASSERTIONS=1";
				SDKROOT = iphoneos;
				VALIDATE_PRODUCT = YES;
			};
			name = Release;
		};
		29E8C83E17AF7ECD002582E9 /* Debug */ = {
			isa = XCBuildConfiguration;
			buildSettings = {
				GCC_PRECOMPILE_PREFIX_HEADER = YES;
				GCC_PREFIX_HEADER = "DPCrackDetectionExample/DPCrackDetectionExample-Prefix.pch";
				INFOPLIST_FILE = "DPCrackDetectionExample/DPCrackDetectionExample-Info.plist";
				LIBRARY_SEARCH_PATHS = (
					"$(inherited)",
					"\"$(SRCROOT)/DPCrackDetectionExample\"",
				);
				PRODUCT_NAME = "$(TARGET_NAME)";
				WRAPPER_EXTENSION = app;
			};
			name = Debug;
		};
		29E8C83F17AF7ECD002582E9 /* Release */ = {
			isa = XCBuildConfiguration;
			buildSettings = {
				GCC_PRECOMPILE_PREFIX_HEADER = YES;
				GCC_PREFIX_HEADER = "DPCrackDetectionExample/DPCrackDetectionExample-Prefix.pch";
				INFOPLIST_FILE = "DPCrackDetectionExample/DPCrackDetectionExample-Info.plist";
				LIBRARY_SEARCH_PATHS = (
					"$(inherited)",
					"\"$(SRCROOT)/DPCrackDetectionExample\"",
				);
				PRODUCT_NAME = "$(TARGET_NAME)";
				WRAPPER_EXTENSION = app;
			};
			name = Release;
		};
/* End XCBuildConfiguration section */

/* Begin XCConfigurationList section */
		29E8C81517AF7ECC002582E9 /* Build configuration list for PBXProject "DPCrackDetectionExample" */ = {
			isa = XCConfigurationList;
			buildConfigurations = (
				29E8C83B17AF7ECD002582E9 /* Debug */,
				29E8C83C17AF7ECD002582E9 /* Release */,
			);
			defaultConfigurationIsVisible = 0;
			defaultConfigurationName = Release;
		};
		29E8C83D17AF7ECD002582E9 /* Build configuration list for PBXNativeTarget "DPCrackDetectionExample" */ = {
			isa = XCConfigurationList;
			buildConfigurations = (
				29E8C83E17AF7ECD002582E9 /* Debug */,
				29E8C83F17AF7ECD002582E9 /* Release */,
			);
			defaultConfigurationIsVisible = 0;
			defaultConfigurationName = Release;
		};
/* End XCConfigurationList section */
	};
	rootObject = 29E8C81217AF7ECC002582E9 /* Project object */;
}
